
Microsoft Visual Studio Solution File, Format Version 12.00
Project("{FAE04EC0-301F-11D3-BF4B-00C04F79EFBC}") = "Music", "Music\Music.csproj", "{9CED2A5A-1CAB-4771-B550-6CF92989ADED}"
EndProject
Project("{FAE04EC0-301F-11D3-BF4B-00C04F79EFBC}") = "Test", "Test\Test.csproj", "{0548ECC6-C0F0-46D5-BCA0-AC77C27BDC73}"
EndProject
Global
	GlobalSection(SolutionConfigurationPlatforms) = preSolution
		Debug|Any CPU = Debug|Any CPU
		Release|Any CPU = Release|Any CPU
	EndGlobalSection
	GlobalSection(ProjectConfigurationPlatforms) = postSolution
		{9CED2A5A-1CAB-4771-B550-6CF92989ADED}.Debug|Any CPU.ActiveCfg = Debug|Any CPU
		{9CED2A5A-1CAB-4771-B550-6CF92989ADED}.Debug|Any CPU.Build.0 = Debug|Any CPU
		{9CED2A5A-1CAB-4771-B550-6CF92989ADED}.Release|Any CPU.ActiveCfg = Release|Any CPU
		{9CED2A5A-1CAB-4771-B550-6CF92989ADED}.Release|Any CPU.Build.0 = Release|Any CPU
		{0548ECC6-C0F0-46D5-BCA0-AC77C27BDC73}.Debug|Any CPU.ActiveCfg = Debug|Any CPU
		{0548ECC6-C0F0-46D5-BCA0-AC77C27BDC73}.Debug|Any CPU.Build.0 = Debug|Any CPU
		{0548ECC6-C0F0-46D5-BCA0-AC77C27BDC73}.Release|Any CPU.ActiveCfg = Release|Any CPU
		{0548ECC6-C0F0-46D5-BCA0-AC77C27BDC73}.Release|Any CPU.Build.0 = Release|Any CPU
	EndGlobalSection
EndGlobal
